
Microsoft Visual Studio Solution File, Format Version 12.00
# Visual Studio Version 16
VisualStudioVersion = 16.0.31205.134
MinimumVisualStudioVersion = 10.0.40219.1
Project("{9A19103F-16F7-4668-BE54-9A1E7A4F7556}") = "HomePage", "HomePage\HomePage.csproj", "{FB06D148-E0F2-47BA-B58D-452A4946CFAD}"
EndProject
Global
	GlobalSection(SolutionConfigurationPlatforms) = preSolution
		Debug|Any CPU = Debug|Any CPU
		Debug|x64 = Debug|x64
		Debug|x86 = Debug|x86
		Release|Any CPU = Release|Any CPU
		Release|x64 = Release|x64
		Release|x86 = Release|x86
	EndGlobalSection
	GlobalSection(ProjectConfigurationPlatforms) = postSolution
		{FB06D148-E0F2-47BA-B58D-452A4946CFAD}.Debug|Any CPU.ActiveCfg = Debug|Any CPU
		{FB06D148-E0F2-47BA-B58D-452A4946CFAD}.Debug|Any CPU.Build.0 = Debug|Any CPU
		{FB06D148-E0F2-47BA-B58D-452A4946CFAD}.Debug|x64.ActiveCfg = Debug|Any CPU
		{FB06D148-E0F2-47BA-B58D-452A4946CFAD}.Debug|x64.Build.0 = Debug|Any CPU
		{FB06D148-E0F2-47BA-B58D-452A4946CFAD}.Debug|x86.ActiveCfg = Debug|Any CPU
		{FB06D148-E0F2-47BA-B58D-452A4946CFAD}.Debug|x86.Build.0 = Debug|Any CPU
		{FB06D148-E0F2-47BA-B58D-452A4946CFAD}.Release|Any CPU.ActiveCfg = Release|Any CPU
		{FB06D148-E0F2-47BA-B58D-452A4946CFAD}.Release|Any CPU.Build.0 = Release|Any CPU
		{FB06D148-E0F2-47BA-B58D-452A4946CFAD}.Release|x64.ActiveCfg = Release|Any CPU
		{FB06D148-E0F2-47BA-B58D-452A4946CFAD}.Release|x64.Build.0 = Release|Any CPU
		{FB06D148-E0F2-47BA-B58D-452A4946CFAD}.Release|x86.ActiveCfg = Release|Any CPU
		{FB06D148-E0F2-47BA-B58D-452A4946CFAD}.Release|x86.Build.0 = Release|Any CPU
	EndGlobalSection
	GlobalSection(SolutionProperties) = preSolution
		HideSolutionNode = FALSE
	EndGlobalSection
	GlobalSection(ExtensibilityGlobals) = postSolution
		SolutionGuid = {E48A3CC5-8FA2-49A9-A421-7E55A28265A6}
	EndGlobalSection
EndGlobal
